{
    "_readme": [
        "This file locks the dependencies of your project to a known state",
        "Read more about it at https://getcomposer.org/doc/01-basic-usage.md#installing-dependencies",
        "This file is @generated automatically"
    ],
    "content-hash": "012204d32cf0b164f9e4f22a21c3813f",
    "packages": [
        {
            "name": "jchook/uuid",
            "version": "v1.0.0",
            "source": {
                "type": "git",
                "url": "https://github.com/jchook/uuid-v4.git",
                "reference": "44dd5cd5e824ef89eec15c9d83a3fe13197c727b"
            },
            "dist": {
                "type": "zip",
                "url": "https://api.github.com/repos/jchook/uuid-v4/zipball/44dd5cd5e824ef89eec15c9d83a3fe13197c727b",
                "reference": "44dd5cd5e824ef89eec15c9d83a3fe13197c727b",
                "shasum": ""
            },
            "type": "library",
            "autoload": {
                "files": [
                    "lib/Uuid.php"
                ]
            },
            "notification-url": "https://packagist.org/downloads/",
            "license": [
                "MIT"
            ],
            "authors": [
                {
                    "name": "Wes Roberts",
                    "email": "9p3g@a.zinc.email"
                }
            ],
            "description": "Fast, Secure UUIDs",
            "support": {
                "issues": "https://github.com/jchook/uuid-v4/issues",
                "source": "https://github.com/jchook/uuid-v4/tree/master"
            },
            "time": "2018-04-09T03:46:30+00:00"
        },
        {
            "name": "mark-php/mark",
            "version": "v2.0.2",
            "source": {
                "type": "git",
                "url": "https://github.com/passwalls/mark.git",
                "reference": "0d535b3d6ba462d16ac80452465bd2415102c46b"
            },
            "dist": {
                "type": "zip",
                "url": "https://api.github.com/repos/passwalls/mark/zipball/0d535b3d6ba462d16ac80452465bd2415102c46b",
                "reference": "0d535b3d6ba462d16ac80452465bd2415102c46b",
                "shasum": ""
            },
            "require": {
                "nikic/fast-route": "^1.3",
                "php": ">=7.1",
                "workerman/workerman": "^4.0.4"
            },
            "suggest": {
                "ext-event": "For better performance. "
            },
            "type": "library",
            "autoload": {
                "psr-4": {
                    "Mark\\": "./src"
                }
            },
            "notification-url": "https://packagist.org/downloads/",
            "license": [
                "MIT"
            ],
            "description": "a PHP API micro framework based on workerman",
            "support": {
                "issues": "https://github.com/passwalls/mark/issues",
                "source": "https://github.com/passwalls/mark/tree/v2.0.2"
            },
            "time": "2022-04-25T02:28:18+00:00"
        },
        {
            "name": "nikic/fast-route",
            "version": "v1.3.0",
            "source": {
                "type": "git",
                "url": "https://github.com/nikic/FastRoute.git",
                "reference": "181d480e08d9476e61381e04a71b34dc0432e812"
            },
            "dist": {
                "type": "zip",
                "url": "https://api.github.com/repos/nikic/FastRoute/zipball/181d480e08d9476e61381e04a71b34dc0432e812",
                "reference": "181d480e08d9476e61381e04a71b34dc0432e812",
                "shasum": ""
            },
            "require": {
                "php": ">=5.4.0"
            },
            "require-dev": {
                "phpunit/phpunit": "^4.8.35|~5.7"
            },
            "type": "library",
            "autoload": {
                "files": [
                    "src/functions.php"
                ],
                "psr-4": {
                    "FastRoute\\": "src/"
                }
            },
            "notification-url": "https://packagist.org/downloads/",
            "license": [
                "BSD-3-Clause"
            ],
            "authors": [
                {
                    "name": "Nikita Popov",
                    "email": "nikic@php.net"
                }
            ],
            "description": "Fast request router for PHP",
            "keywords": [
                "router",
                "routing"
            ],
            "support": {
                "issues": "https://github.com/nikic/FastRoute/issues",
                "source": "https://github.com/nikic/FastRoute/tree/master"
            },
            "time": "2018-02-13T20:26:39+00:00"
        },
        {
            "name": "processmaker/nayra",
            "version": "1.9.3",
            "source": {
                "type": "git",
                "url": "https://github.com/ProcessMaker/nayra.git",
                "reference": "c44cd096c14f775059d83522bce17d86417e0221"
            },
            "dist": {
                "type": "zip",
                "url": "https://api.github.com/repos/ProcessMaker/nayra/zipball/c44cd096c14f775059d83522bce17d86417e0221",
                "reference": "c44cd096c14f775059d83522bce17d86417e0221",
                "shasum": ""
            },
            "require-dev": {
                "phpunit/phpunit": "^7.5"
            },
            "type": "library",
            "autoload": {
                "psr-4": {
                    "ProcessMaker\\": "src/ProcessMaker/"
                }
            },
            "notification-url": "https://packagist.org/downloads/",
            "license": [
                "Apache-2.0"
            ],
            "description": "BPMN compliant engine",
            "support": {
                "issues": "https://github.com/ProcessMaker/nayra/issues",
                "source": "https://github.com/ProcessMaker/nayra/tree/v1.9.3"
            },
            "time": "2022-04-22T23:25:21+00:00"
        },
        {
            "name": "workerman/workerman",
            "version": "v4.0.36",
            "source": {
                "type": "git",
                "url": "https://github.com/walkor/workerman.git",
                "reference": "ecf8b791f1a4beb98c1e0e9d09988cd4b0d1c5ab"
            },
            "dist": {
                "type": "zip",
                "url": "https://api.github.com/repos/walkor/workerman/zipball/ecf8b791f1a4beb98c1e0e9d09988cd4b0d1c5ab",
                "reference": "ecf8b791f1a4beb98c1e0e9d09988cd4b0d1c5ab",
                "shasum": ""
            },
            "require": {
                "php": ">=5.4"
            },
            "suggest": {
                "ext-event": "For better performance. "
            },
            "type": "library",
            "autoload": {
                "psr-4": {
                    "Workerman\\": "./"
                }
            },
            "notification-url": "https://packagist.org/downloads/",
            "license": [
                "MIT"
            ],
            "authors": [
                {
                    "name": "walkor",
                    "email": "walkor@workerman.net",
                    "homepage": "http://www.workerman.net",
                    "role": "Developer"
                }
            ],
            "description": "An asynchronous event driven PHP framework for easily building fast, scalable network applications.",
            "homepage": "http://www.workerman.net",
            "keywords": [
                "asynchronous",
                "event-loop"
            ],
            "support": {
                "email": "walkor@workerman.net",
                "forum": "http://wenda.workerman.net/",
                "issues": "https://github.com/walkor/workerman/issues",
                "source": "https://github.com/walkor/workerman",
                "wiki": "http://doc.workerman.net/"
            },
            "funding": [
                {
                    "url": "https://opencollective.com/workerman",
                    "type": "open_collective"
                },
                {
                    "url": "https://www.patreon.com/walkor",
                    "type": "patreon"
                }
            ],
            "time": "2022-04-29T15:06:27+00:00"
        }
    ],
    "packages-dev": [],
    "aliases": [],
    "minimum-stability": "stable",
    "stability-flags": [],
    "prefer-stable": false,
    "prefer-lowest": false,
    "platform": [],
    "platform-dev": [],
    "plugin-api-version": "2.0.0"
}
